
Microsoft Visual Studio Solution File, Format Version 12.00
# Visual Studio Version 16
VisualStudioVersion = 16.0.31410.357
MinimumVisualStudioVersion = 10.0.40219.1
Project("{FAE04EC0-301F-11D3-BF4B-00C04F79EFBC}") = "KB.AUTH.JWT", "KB.AUTH.JWT.csproj", "{12DE665D-BC17-43C2-9E3C-9624E82602F1}"
EndProject
Global
	GlobalSection(SolutionConfigurationPlatforms) = preSolution
		Debug|Any CPU = Debug|Any CPU
		Release|Any CPU = Release|Any CPU
	EndGlobalSection
	GlobalSection(ProjectConfigurationPlatforms) = postSolution
		{12DE665D-BC17-43C2-9E3C-9624E82602F1}.Debug|Any CPU.ActiveCfg = Debug|Any CPU
		{12DE665D-BC17-43C2-9E3C-9624E82602F1}.Debug|Any CPU.Build.0 = Debug|Any CPU
		{12DE665D-BC17-43C2-9E3C-9624E82602F1}.Release|Any CPU.ActiveCfg = Release|Any CPU
		{12DE665D-BC17-43C2-9E3C-9624E82602F1}.Release|Any CPU.Build.0 = Release|Any CPU
	EndGlobalSection
	GlobalSection(SolutionProperties) = preSolution
		HideSolutionNode = FALSE
	EndGlobalSection
	GlobalSection(ExtensibilityGlobals) = postSolution
		SolutionGuid = {1DCE1EBA-0C75-471C-8926-780E3DF6B734}
	EndGlobalSection
EndGlobal
