
Microsoft Visual Studio Solution File, Format Version 12.00
# Visual Studio Version 16
VisualStudioVersion = 16.0.31410.357
MinimumVisualStudioVersion = 10.0.40219.1
Project("{2150E333-8FDC-42A3-9474-1A3956D46DE8}") = "Authentication", "Authentication", "{4A4FF08F-7F51-4762-B1F2-F193F1D68DD6}"
EndProject
Project("{9A19103F-16F7-4668-BE54-9A1E7A4F7556}") = "KB.CMIND.API.AUTH", "KB.CMIND.API.AUTH\KB.CMIND.API.AUTH.csproj", "{75E8425C-8798-4571-9061-EB89F71C7D7D}"
EndProject
Project("{2150E333-8FDC-42A3-9474-1A3956D46DE8}") = "API", "API", "{65F48F62-A630-43BA-A86D-5F7CAA4964BD}"
EndProject
Project("{9A19103F-16F7-4668-BE54-9A1E7A4F7556}") = "KB.CMIND.API.CMDetails", "KB.CMIND.API.CMDetails\KB.CMIND.API.CMDetails.csproj", "{99B8D25D-BFE5-485B-A7FB-2DABA8A649D6}"
EndProject
Project("{9A19103F-16F7-4668-BE54-9A1E7A4F7556}") = "KB.CMIND.API.ParentChild", "KB.CMIND.API.ParentChild\KB.CMIND.API.ParentChild.csproj", "{0C40217A-2711-4A2B-AB03-3DF539F5F70F}"
EndProject
Project("{9A19103F-16F7-4668-BE54-9A1E7A4F7556}") = "KB.CMIND.API.Medication", "KB.CMIND.API.Medication\KB.CMIND.API.Medication.csproj", "{43EBE0CA-2767-4EF0-B03C-529A314E0705}"
EndProject
Project("{9A19103F-16F7-4668-BE54-9A1E7A4F7556}") = "KB.CMIND.API.Incidents", "KB.CMIND.API.Incidents\KB.CMIND.API.Incidents.csproj", "{484EBF8C-6C31-4CD8-938E-70D295E6A7D7}"
EndProject
Project("{9A19103F-16F7-4668-BE54-9A1E7A4F7556}") = "KB.API.Test", "KB.API.Test\KB.API.Test.csproj", "{E217FE12-9B82-44A3-AD16-79D762155892}"
EndProject
Project("{2150E333-8FDC-42A3-9474-1A3956D46DE8}") = "Solution Items", "Solution Items", "{9DD9A894-1C30-4F8F-8398-CB316831C517}"
	ProjectSection(SolutionItems) = preProject
		Nuget.config = Nuget.config
	EndProjectSection
EndProject
Global
	GlobalSection(SolutionConfigurationPlatforms) = preSolution
		Debug|Any CPU = Debug|Any CPU
		Release|Any CPU = Release|Any CPU
	EndGlobalSection
	GlobalSection(ProjectConfigurationPlatforms) = postSolution
		{75E8425C-8798-4571-9061-EB89F71C7D7D}.Debug|Any CPU.ActiveCfg = Debug|Any CPU
		{75E8425C-8798-4571-9061-EB89F71C7D7D}.Debug|Any CPU.Build.0 = Debug|Any CPU
		{75E8425C-8798-4571-9061-EB89F71C7D7D}.Release|Any CPU.ActiveCfg = Release|Any CPU
		{75E8425C-8798-4571-9061-EB89F71C7D7D}.Release|Any CPU.Build.0 = Release|Any CPU
		{99B8D25D-BFE5-485B-A7FB-2DABA8A649D6}.Debug|Any CPU.ActiveCfg = Debug|Any CPU
		{99B8D25D-BFE5-485B-A7FB-2DABA8A649D6}.Debug|Any CPU.Build.0 = Debug|Any CPU
		{99B8D25D-BFE5-485B-A7FB-2DABA8A649D6}.Release|Any CPU.ActiveCfg = Release|Any CPU
		{99B8D25D-BFE5-485B-A7FB-2DABA8A649D6}.Release|Any CPU.Build.0 = Release|Any CPU
		{0C40217A-2711-4A2B-AB03-3DF539F5F70F}.Debug|Any CPU.ActiveCfg = Debug|Any CPU
		{0C40217A-2711-4A2B-AB03-3DF539F5F70F}.Debug|Any CPU.Build.0 = Debug|Any CPU
		{0C40217A-2711-4A2B-AB03-3DF539F5F70F}.Release|Any CPU.ActiveCfg = Release|Any CPU
		{0C40217A-2711-4A2B-AB03-3DF539F5F70F}.Release|Any CPU.Build.0 = Release|Any CPU
		{43EBE0CA-2767-4EF0-B03C-529A314E0705}.Debug|Any CPU.ActiveCfg = Debug|Any CPU
		{43EBE0CA-2767-4EF0-B03C-529A314E0705}.Debug|Any CPU.Build.0 = Debug|Any CPU
		{43EBE0CA-2767-4EF0-B03C-529A314E0705}.Release|Any CPU.ActiveCfg = Release|Any CPU
		{43EBE0CA-2767-4EF0-B03C-529A314E0705}.Release|Any CPU.Build.0 = Release|Any CPU
		{484EBF8C-6C31-4CD8-938E-70D295E6A7D7}.Debug|Any CPU.ActiveCfg = Debug|Any CPU
		{484EBF8C-6C31-4CD8-938E-70D295E6A7D7}.Debug|Any CPU.Build.0 = Debug|Any CPU
		{484EBF8C-6C31-4CD8-938E-70D295E6A7D7}.Release|Any CPU.ActiveCfg = Release|Any CPU
		{484EBF8C-6C31-4CD8-938E-70D295E6A7D7}.Release|Any CPU.Build.0 = Release|Any CPU
		{E217FE12-9B82-44A3-AD16-79D762155892}.Debug|Any CPU.ActiveCfg = Debug|Any CPU
		{E217FE12-9B82-44A3-AD16-79D762155892}.Debug|Any CPU.Build.0 = Debug|Any CPU
		{E217FE12-9B82-44A3-AD16-79D762155892}.Release|Any CPU.ActiveCfg = Release|Any CPU
		{E217FE12-9B82-44A3-AD16-79D762155892}.Release|Any CPU.Build.0 = Release|Any CPU
	EndGlobalSection
	GlobalSection(SolutionProperties) = preSolution
		HideSolutionNode = FALSE
	EndGlobalSection
	GlobalSection(NestedProjects) = preSolution
		{75E8425C-8798-4571-9061-EB89F71C7D7D} = {4A4FF08F-7F51-4762-B1F2-F193F1D68DD6}
		{99B8D25D-BFE5-485B-A7FB-2DABA8A649D6} = {65F48F62-A630-43BA-A86D-5F7CAA4964BD}
		{0C40217A-2711-4A2B-AB03-3DF539F5F70F} = {65F48F62-A630-43BA-A86D-5F7CAA4964BD}
		{43EBE0CA-2767-4EF0-B03C-529A314E0705} = {65F48F62-A630-43BA-A86D-5F7CAA4964BD}
		{484EBF8C-6C31-4CD8-938E-70D295E6A7D7} = {65F48F62-A630-43BA-A86D-5F7CAA4964BD}
		{E217FE12-9B82-44A3-AD16-79D762155892} = {65F48F62-A630-43BA-A86D-5F7CAA4964BD}
	EndGlobalSection
	GlobalSection(ExtensibilityGlobals) = postSolution
		SolutionGuid = {90794E97-D2E4-415F-9DD0-D8554D6ED15F}
	EndGlobalSection
EndGlobal
